
Microsoft Visual Studio Solution File, Format Version 12.00
# Visual Studio Version 17
VisualStudioVersion = 17.5.33424.131
MinimumVisualStudioVersion = 10.0.40219.1
Project("{8BC9CEB8-8B4A-11D0-8D11-00A0C91BC942}") = "PA-9-Escape Room", "PA-9-Escape Room.vcxproj", "{7725E251-0A11-417A-A957-6BB4F09B4F85}"
EndProject
Global
	GlobalSection(SolutionConfigurationPlatforms) = preSolution
		Debug|x64 = Debug|x64
		Debug|x86 = Debug|x86
		Release|x64 = Release|x64
		Release|x86 = Release|x86
	EndGlobalSection
	GlobalSection(ProjectConfigurationPlatforms) = postSolution
		{7725E251-0A11-417A-A957-6BB4F09B4F85}.Debug|x64.ActiveCfg = Debug|Win32
		{7725E251-0A11-417A-A957-6BB4F09B4F85}.Debug|x64.Build.0 = Debug|Win32
		{7725E251-0A11-417A-A957-6BB4F09B4F85}.Debug|x86.ActiveCfg = Debug|Win32
		{7725E251-0A11-417A-A957-6BB4F09B4F85}.Debug|x86.Build.0 = Debug|Win32
		{7725E251-0A11-417A-A957-6BB4F09B4F85}.Release|x64.ActiveCfg = Release|x64
		{7725E251-0A11-417A-A957-6BB4F09B4F85}.Release|x64.Build.0 = Release|x64
		{7725E251-0A11-417A-A957-6BB4F09B4F85}.Release|x86.ActiveCfg = Release|Win32
		{7725E251-0A11-417A-A957-6BB4F09B4F85}.Release|x86.Build.0 = Release|Win32
	EndGlobalSection
	GlobalSection(SolutionProperties) = preSolution
		HideSolutionNode = FALSE
	EndGlobalSection
	GlobalSection(ExtensibilityGlobals) = postSolution
		SolutionGuid = {12609934-3ED7-45AC-810E-94CD7E55B066}
	EndGlobalSection
EndGlobal
